// !$*UTF8*$!
{
	archiveVersion = 1;
	classes = {
	};
	objectVersion = 46;
	objects = {

/* Begin PBXBuildFile section */
		895065211F0B2E8F006BF126 /* AppDelegate.swift in Sources */ = {isa = PBXBuildFile; fileRef = 895065201F0B2E8F006BF126 /* AppDelegate.swift */; };
		895065231F0B2E8F006BF126 /* ViewController.swift in Sources */ = {isa = PBXBuildFile; fileRef = 895065221F0B2E8F006BF126 /* ViewController.swift */; };
		895065261F0B2E8F006BF126 /* Main.storyboard in Resources */ = {isa = PBXBuildFile; fileRef = 895065241F0B2E8F006BF126 /* Main.storyboard */; };
		895065281F0B2E8F006BF126 /* Assets.xcassets in Resources */ = {isa = PBXBuildFile; fileRef = 895065271F0B2E8F006BF126 /* Assets.xcassets */; };
		8950652B1F0B2E8F006BF126 /* LaunchScreen.storyboard in Resources */ = {isa = PBXBuildFile; fileRef = 895065291F0B2E8F006BF126 /* LaunchScreen.storyboard */; };
		895065341F0B2EC6006BF126 /* libsqlite3.0.tbd in Frameworks */ = {isa = PBXBuildFile; fileRef = 895065331F0B2EC6006BF126 /* libsqlite3.0.tbd */; };
		8950653A1F0B3B67006BF126 /* SQLiteTool.swift in Sources */ = {isa = PBXBuildFile; fileRef = 895065391F0B3B67006BF126 /* SQLiteTool.swift */; };
		8950653C1F0B3D8D006BF126 /* Student.swift in Sources */ = {isa = PBXBuildFile; fileRef = 8950653B1F0B3D8D006BF126 /* Student.swift */; };
/* End PBXBuildFile section */

/* Begin PBXFileReference section */
		8950651D1F0B2E8F006BF126 /* SQliteDemo.app */ = {isa = PBXFileReference; explicitFileType = wrapper.application; includeInIndex = 0; path = SQliteDemo.app; sourceTree = BUILT_PRODUCTS_DIR; };
		895065201F0B2E8F006BF126 /* AppDelegate.swift */ = {isa = PBXFileReference; lastKnownFileType = sourcecode.swift; path = AppDelegate.swift; sourceTree = "<group>"; };
		895065221F0B2E8F006BF126 /* ViewController.swift */ = {isa = PBXFileReference; lastKnownFileType = sourcecode.swift; path = ViewController.swift; sourceTree = "<group>"; };
		895065251F0B2E8F006BF126 /* Base */ = {isa = PBXFileReference; lastKnownFileType = file.storyboard; name = Base; path = Base.lproj/Main.storyboard; sourceTree = "<group>"; };
		895065271F0B2E8F006BF126 /* Assets.xcassets */ = {isa = PBXFileReference; lastKnownFileType = folder.assetcatalog; path = Assets.xcassets; sourceTree = "<group>"; };
		8950652A1F0B2E8F006BF126 /* Base */ = {isa = PBXFileReference; lastKnownFileType = file.storyboard; name = Base; path = Base.lproj/LaunchScreen.storyboard; sourceTree = "<group>"; };
		8950652C1F0B2E8F006BF126 /* Info.plist */ = {isa = PBXFileReference; lastKnownFileType = text.plist.xml; path = Info.plist; sourceTree = "<group>"; };
		895065331F0B2EC6006BF126 /* libsqlite3.0.tbd */ = {isa = PBXFileReference; lastKnownFileType = "sourcecode.text-based-dylib-definition"; name = libsqlite3.0.tbd; path = usr/lib/libsqlite3.0.tbd; sourceTree = SDKROOT; };
		895065351F0B2F9F006BF126 /* SQliteDemo-Bridging-Header.h */ = {isa = PBXFileReference; lastKnownFileType = sourcecode.c.h; path = "SQliteDemo-Bridging-Header.h"; sourceTree = "<group>"; };
		895065391F0B3B67006BF126 /* SQLiteTool.swift */ = {isa = PBXFileReference; fileEncoding = 4; lastKnownFileType = sourcecode.swift; path = SQLiteTool.swift; sourceTree = "<group>"; };
		8950653B1F0B3D8D006BF126 /* Student.swift */ = {isa = PBXFileReference; fileEncoding = 4; lastKnownFileType = sourcecode.swift; path = Student.swift; sourceTree = "<group>"; };
/* End PBXFileReference section */

/* Begin PBXFrameworksBuildPhase section */
		8950651A1F0B2E8F006BF126 /* Frameworks */ = {
			isa = PBXFrameworksBuildPhase;
			buildActionMask = 2147483647;
			files = (
				895065341F0B2EC6006BF126 /* libsqlite3.0.tbd in Frameworks */,
			);
			runOnlyForDeploymentPostprocessing = 0;
		};
/* End PBXFrameworksBuildPhase section */

/* Begin PBXGroup section */
		895065141F0B2E8F006BF126 = {
			isa = PBXGroup;
			children = (
				8950651F1F0B2E8F006BF126 /* SQliteDemo */,
				8950651E1F0B2E8F006BF126 /* Products */,
				895065321F0B2EC6006BF126 /* Frameworks */,
			);
			sourceTree = "<group>";
		};
		8950651E1F0B2E8F006BF126 /* Products */ = {
			isa = PBXGroup;
			children = (
				8950651D1F0B2E8F006BF126 /* SQliteDemo.app */,
			);
			name = Products;
			sourceTree = "<group>";
		};
		8950651F1F0B2E8F006BF126 /* SQliteDemo */ = {
			isa = PBXGroup;
			children = (
				895065201F0B2E8F006BF126 /* AppDelegate.swift */,
				895065221F0B2E8F006BF126 /* ViewController.swift */,
				895065391F0B3B67006BF126 /* SQLiteTool.swift */,
				8950653B1F0B3D8D006BF126 /* Student.swift */,
				895065241F0B2E8F006BF126 /* Main.storyboard */,
				895065271F0B2E8F006BF126 /* Assets.xcassets */,
				895065291F0B2E8F006BF126 /* LaunchScreen.storyboard */,
				8950652C1F0B2E8F006BF126 /* Info.plist */,
				895065351F0B2F9F006BF126 /* SQliteDemo-Bridging-Header.h */,
			);
			path = SQliteDemo;
			sourceTree = "<group>";
		};
		895065321F0B2EC6006BF126 /* Frameworks */ = {
			isa = PBXGroup;
			children = (
				895065331F0B2EC6006BF126 /* libsqlite3.0.tbd */,
			);
			name = Frameworks;
			sourceTree = "<group>";
		};
/* End PBXGroup section */

/* Begin PBXNativeTarget section */
		8950651C1F0B2E8F006BF126 /* SQliteDemo */ = {
			isa = PBXNativeTarget;
			buildConfigurationList = 8950652F1F0B2E8F006BF126 /* Build configuration list for PBXNativeTarget "SQliteDemo" */;
			buildPhases = (
				895065191F0B2E8F006BF126 /* Sources */,
				8950651A1F0B2E8F006BF126 /* Frameworks */,
				8950651B1F0B2E8F006BF126 /* Resources */,
			);
			buildRules = (
			);
			dependencies = (
			);
			name = SQliteDemo;
			productName = SQliteDemo;
			productReference = 8950651D1F0B2E8F006BF126 /* SQliteDemo.app */;
			productType = "com.apple.product-type.application";
		};
/* End PBXNativeTarget section */

/* Begin PBXProject section */
		895065151F0B2E8F006BF126 /* Project object */ = {
			isa = PBXProject;
			attributes = {
				LastSwiftUpdateCheck = 0820;
				LastUpgradeCheck = 0820;
				ORGANIZATIONNAME = sanjingrihua;
				TargetAttributes = {
					8950651C1F0B2E8F006BF126 = {
						CreatedOnToolsVersion = 8.2;
						LastSwiftMigration = 0820;
						ProvisioningStyle = Automatic;
					};
				};
			};
			buildConfigurationList = 895065181F0B2E8F006BF126 /* Build configuration list for PBXProject "SQliteDemo" */;
			compatibilityVersion = "Xcode 3.2";
			developmentRegion = English;
			hasScannedForEncodings = 0;
			knownRegions = (
				en,
				Base,
			);
			mainGroup = 895065141F0B2E8F006BF126;
			productRefGroup = 8950651E1F0B2E8F006BF126 /* Products */;
			projectDirPath = "";
			projectRoot = "";
			targets = (
				8950651C1F0B2E8F006BF126 /* SQliteDemo */,
			);
		};
/* End PBXProject section */

/* Begin PBXResourcesBuildPhase section */
		8950651B1F0B2E8F006BF126 /* Resources */ = {
			isa = PBXResourcesBuildPhase;
			buildActionMask = 2147483647;
			files = (
				8950652B1F0B2E8F006BF126 /* LaunchScreen.storyboard in Resources */,
				895065281F0B2E8F006BF126 /* Assets.xcassets in Resources */,
				895065261F0B2E8F006BF126 /* Main.storyboard in Resources */,
			);
			runOnlyForDeploymentPostprocessing = 0;
		};
/* End PBXResourcesBuildPhase section */

/* Begin PBXSourcesBuildPhase section */
		895065191F0B2E8F006BF126 /* Sources */ = {
			isa = PBXSourcesBuildPhase;
			buildActionMask = 2147483647;
			files = (
				8950653A1F0B3B67006BF126 /* SQLiteTool.swift in Sources */,
				895065231F0B2E8F006BF126 /* ViewController.swift in Sources */,
				895065211F0B2E8F006BF126 /* AppDelegate.swift in Sources */,
				8950653C1F0B3D8D006BF126 /* Student.swift in Sources */,
			);
			runOnlyForDeploymentPostprocessing = 0;
		};
/* End PBXSourcesBuildPhase section */

/* Begin PBXVariantGroup section */
		895065241F0B2E8F006BF126 /* Main.storyboard */ = {
			isa = PBXVariantGroup;
			children = (
				895065251F0B2E8F006BF126 /* Base */,
			);
			name = Main.storyboard;
			sourceTree = "<group>";
		};
		895065291F0B2E8F006BF126 /* LaunchScreen.storyboard */ = {
			isa = PBXVariantGroup;
			children = (
				8950652A1F0B2E8F006BF126 /* Base */,
			);
			name = LaunchScreen.storyboard;
			sourceTree = "<group>";
		};
/* End PBXVariantGroup section */

/* Begin XCBuildConfiguration section */
		8950652D1F0B2E8F006BF126 /* Debug */ = {
			isa = XCBuildConfiguration;
			buildSettings = {
				ALWAYS_SEARCH_USER_PATHS = NO;
				CLANG_ANALYZER_NONNULL = YES;
				CLANG_CXX_LANGUAGE_STANDARD = "gnu++0x";
				CLANG_CXX_LIBRARY = "libc++";
				CLANG_ENABLE_MODULES = YES;
				CLANG_ENABLE_OBJC_ARC = YES;
				CLANG_WARN_BOOL_CONVERSION = YES;
				CLANG_WARN_CONSTANT_CONVERSION = YES;
				CLANG_WARN_DIRECT_OBJC_ISA_USAGE = YES_ERROR;
				CLANG_WARN_DOCUMENTATION_COMMENTS = YES;
				CLANG_WARN_EMPTY_BODY = YES;
				CLANG_WARN_ENUM_CONVERSION = YES;
				CLANG_WARN_INFINITE_RECURSION = YES;
				CLANG_WARN_INT_CONVERSION = YES;
				CLANG_WARN_OBJC_ROOT_CLASS = YES_ERROR;
				CLANG_WARN_SUSPICIOUS_MOVE = YES;
				CLANG_WARN_UNREACHABLE_CODE = YES;
				CLANG_WARN__DUPLICATE_METHOD_MATCH = YES;
				"CODE_SIGN_IDENTITY[sdk=iphoneos*]" = "iPhone Developer";
				COPY_PHASE_STRIP = NO;
				DEBUG_INFORMATION_FORMAT = dwarf;
				ENABLE_STRICT_OBJC_MSGSEND = YES;
				ENABLE_TESTABILITY = YES;
				GCC_C_LANGUAGE_STANDARD = gnu99;
				GCC_DYNAMIC_NO_PIC = NO;
				GCC_NO_COMMON_BLOCKS = YES;
				GCC_OPTIMIZATION_LEVEL = 0;
				GCC_PREPROCESSOR_DEFINITIONS = (
					"DEBUG=1",
					"$(inherited)",
				);
				GCC_WARN_64_TO_32_BIT_CONVERSION = YES;
				GCC_WARN_ABOUT_RETURN_TYPE = YES_ERROR;
				GCC_WARN_UNDECLARED_SELECTOR = YES;
				GCC_WARN_UNINITIALIZED_AUTOS = YES_AGGRESSIVE;
				GCC_WARN_UNUSED_FUNCTION = YES;
				GCC_WARN_UNUSED_VARIABLE = YES;
				IPHONEOS_DEPLOYMENT_TARGET = 10.2;
				MTL_ENABLE_DEBUG_INFO = YES;
				ONLY_ACTIVE_ARCH = YES;
				SDKROOT = iphoneos;
				SWIFT_ACTIVE_COMPILATION_CONDITIONS = DEBUG;
				SWIFT_OPTIMIZATION_LEVEL = "-Onone";
			};
			name = Debug;
		};
		8950652E1F0B2E8F006BF126 /* Release */ = {
			isa = XCBuildConfiguration;
			buildSettings = {
				ALWAYS_SEARCH_USER_PATHS = NO;
				CLANG_ANALYZER_NONNULL = YES;
				CLANG_CXX_LANGUAGE_STANDARD = "gnu++0x";
				CLANG_CXX_LIBRARY = "libc++";
				CLANG_ENABLE_MODULES = YES;
				CLANG_ENABLE_OBJC_ARC = YES;
				CLANG_WARN_BOOL_CONVERSION = YES;
				CLANG_WARN_CONSTANT_CONVERSION = YES;
				CLANG_WARN_DIRECT_OBJC_ISA_USAGE = YES_ERROR;
				CLANG_WARN_DOCUMENTATION_COMMENTS = YES;
				CLANG_WARN_EMPTY_BODY = YES;
				CLANG_WARN_ENUM_CONVERSION = YES;
				CLANG_WARN_INFINITE_RECURSION = YES;
				CLANG_WARN_INT_CONVERSION = YES;
				CLANG_WARN_OBJC_ROOT_CLASS = YES_ERROR;
				CLANG_WARN_SUSPICIOUS_MOVE = YES;
				CLANG_WARN_UNREACHABLE_CODE = YES;
				CLANG_WARN__DUPLICATE_METHOD_MATCH = YES;
				"CODE_SIGN_IDENTITY[sdk=iphoneos*]" = "iPhone Developer";
				COPY_PHASE_STRIP = NO;
				DEBUG_INFORMATION_FORMAT = "dwarf-with-dsym";
				ENABLE_NS_ASSERTIONS = NO;
				ENABLE_STRICT_OBJC_MSGSEND = YES;
				GCC_C_LANGUAGE_STANDARD = gnu99;
				GCC_NO_COMMON_BLOCKS = YES;
				GCC_WARN_64_TO_32_BIT_CONVERSION = YES;
				GCC_WARN_ABOUT_RETURN_TYPE = YES_ERROR;
				GCC_WARN_UNDECLARED_SELECTOR = YES;
				GCC_WARN_UNINITIALIZED_AUTOS = YES_AGGRESSIVE;
				GCC_WARN_UNUSED_FUNCTION = YES;
				GCC_WARN_UNUSED_VARIABLE = YES;
				IPHONEOS_DEPLOYMENT_TARGET = 10.2;
				MTL_ENABLE_DEBUG_INFO = NO;
				SDKROOT = iphoneos;
				SWIFT_OPTIMIZATION_LEVEL = "-Owholemodule";
				VALIDATE_PRODUCT = YES;
			};
			name = Release;
		};
		895065301F0B2E8F006BF126 /* Debug */ = {
			isa = XCBuildConfiguration;
			buildSettings = {
				ASSETCATALOG_COMPILER_APPICON_NAME = AppIcon;
				CLANG_ENABLE_MODULES = YES;
				INFOPLIST_FILE = SQliteDemo/Info.plist;
				LD_RUNPATH_SEARCH_PATHS = "$(inherited) @executable_path/Frameworks";
				PRODUCT_BUNDLE_IDENTIFIER = com.sanjingrihua.SQliteDemo;
				PRODUCT_NAME = "$(TARGET_NAME)";
				SWIFT_OBJC_BRIDGING_HEADER = "SQliteDemo/SQliteDemo-Bridging-Header.h";
				SWIFT_OPTIMIZATION_LEVEL = "-Onone";
				SWIFT_VERSION = 3.0;
			};
			name = Debug;
		};
		895065311F0B2E8F006BF126 /* Release */ = {
			isa = XCBuildConfiguration;
			buildSettings = {
				ASSETCATALOG_COMPILER_APPICON_NAME = AppIcon;
				CLANG_ENABLE_MODULES = YES;
				INFOPLIST_FILE = SQliteDemo/Info.plist;
				LD_RUNPATH_SEARCH_PATHS = "$(inherited) @executable_path/Frameworks";
				PRODUCT_BUNDLE_IDENTIFIER = com.sanjingrihua.SQliteDemo;
				PRODUCT_NAME = "$(TARGET_NAME)";
				SWIFT_OBJC_BRIDGING_HEADER = "SQliteDemo/SQliteDemo-Bridging-Header.h";
				SWIFT_VERSION = 3.0;
			};
			name = Release;
		};
/* End XCBuildConfiguration section */

/* Begin XCConfigurationList section */
		895065181F0B2E8F006BF126 /* Build configuration list for PBXProject "SQliteDemo" */ = {
			isa = XCConfigurationList;
			buildConfigurations = (
				8950652D1F0B2E8F006BF126 /* Debug */,
				8950652E1F0B2E8F006BF126 /* Release */,
			);
			defaultConfigurationIsVisible = 0;
			defaultConfigurationName = Release;
		};
		8950652F1F0B2E8F006BF126 /* Build configuration list for PBXNativeTarget "SQliteDemo" */ = {
			isa = XCConfigurationList;
			buildConfigurations = (
				895065301F0B2E8F006BF126 /* Debug */,
				895065311F0B2E8F006BF126 /* Release */,
			);
			defaultConfigurationIsVisible = 0;
		};
/* End XCConfigurationList section */
	};
	rootObject = 895065151F0B2E8F006BF126 /* Project object */;
}
